
Microsoft Visual Studio Solution File, Format Version 12.00
# Visual Studio 15
VisualStudioVersion = 15.0.28307.852
MinimumVisualStudioVersion = 10.0.40219.1
Project("{FAE04EC0-301F-11D3-BF4B-00C04F79EFBC}") = "163311055_bm", "163311055_bm.csproj", "{65AF15BE-498A-48DC-B005-D11B84C8BDE9}"
EndProject
Global
	GlobalSection(SolutionConfigurationPlatforms) = preSolution
		Debug|Any CPU = Debug|Any CPU
		Release|Any CPU = Release|Any CPU
	EndGlobalSection
	GlobalSection(ProjectConfigurationPlatforms) = postSolution
		{65AF15BE-498A-48DC-B005-D11B84C8BDE9}.Debug|Any CPU.ActiveCfg = Debug|Any CPU
		{65AF15BE-498A-48DC-B005-D11B84C8BDE9}.Debug|Any CPU.Build.0 = Debug|Any CPU
		{65AF15BE-498A-48DC-B005-D11B84C8BDE9}.Release|Any CPU.ActiveCfg = Release|Any CPU
		{65AF15BE-498A-48DC-B005-D11B84C8BDE9}.Release|Any CPU.Build.0 = Release|Any CPU
	EndGlobalSection
	GlobalSection(SolutionProperties) = preSolution
		HideSolutionNode = FALSE
	EndGlobalSection
	GlobalSection(ExtensibilityGlobals) = postSolution
		SolutionGuid = {CE310074-CA29-4DC8-BCB9-D6B1FEB5F74E}
	EndGlobalSection
EndGlobal
